// !$*UTF8*$!
{
	archiveVersion = 1;
	classes = {
	};
	objectVersion = 50;
	objects = {

/* Begin PBXBuildFile section */
		2303116224DC5B9000AC11EA /* AppDelegate.swift in Sources */ = {isa = PBXBuildFile; fileRef = 2303116124DC5B9000AC11EA /* AppDelegate.swift */; };
		2303116424DC5B9000AC11EA /* SceneDelegate.swift in Sources */ = {isa = PBXBuildFile; fileRef = 2303116324DC5B9000AC11EA /* SceneDelegate.swift */; };
		2303116624DC5B9000AC11EA /* ViewController.swift in Sources */ = {isa = PBXBuildFile; fileRef = 2303116524DC5B9000AC11EA /* ViewController.swift */; };
		2303116924DC5B9000AC11EA /* Main.storyboard in Resources */ = {isa = PBXBuildFile; fileRef = 2303116724DC5B9000AC11EA /* Main.storyboard */; };
		2303116B24DC5B9100AC11EA /* Assets.xcassets in Resources */ = {isa = PBXBuildFile; fileRef = 2303116A24DC5B9100AC11EA /* Assets.xcassets */; };
		2303116E24DC5B9100AC11EA /* LaunchScreen.storyboard in Resources */ = {isa = PBXBuildFile; fileRef = 2303116C24DC5B9100AC11EA /* LaunchScreen.storyboard */; };
		2303117924DC5B9100AC11EA /* Deshaun_D_TabbedApp_ExerciseTests.swift in Sources */ = {isa = PBXBuildFile; fileRef = 2303117824DC5B9100AC11EA /* Deshaun_D_TabbedApp_ExerciseTests.swift */; };
		2303118424DC5B9100AC11EA /* Deshaun_D_TabbedApp_ExerciseUITests.swift in Sources */ = {isa = PBXBuildFile; fileRef = 2303118324DC5B9100AC11EA /* Deshaun_D_TabbedApp_ExerciseUITests.swift */; };
		2303119224DC609A00AC11EA /* tophbeifong.jpeg in Resources */ = {isa = PBXBuildFile; fileRef = 2303119124DC609A00AC11EA /* tophbeifong.jpeg */; };
		2303119424DC623D00AC11EA /* todoroki.jpeg in Resources */ = {isa = PBXBuildFile; fileRef = 2303119324DC623D00AC11EA /* todoroki.jpeg */; };
/* End PBXBuildFile section */

/* Begin PBXContainerItemProxy section */
		2303117524DC5B9100AC11EA /* PBXContainerItemProxy */ = {
			isa = PBXContainerItemProxy;
			containerPortal = 2303115624DC5B9000AC11EA /* Project object */;
			proxyType = 1;
			remoteGlobalIDString = 2303115D24DC5B9000AC11EA;
			remoteInfo = Deshaun_D_TabbedApp_Exercise;
		};
		2303118024DC5B9100AC11EA /* PBXContainerItemProxy */ = {
			isa = PBXContainerItemProxy;
			containerPortal = 2303115624DC5B9000AC11EA /* Project object */;
			proxyType = 1;
			remoteGlobalIDString = 2303115D24DC5B9000AC11EA;
			remoteInfo = Deshaun_D_TabbedApp_Exercise;
		};
/* End PBXContainerItemProxy section */

/* Begin PBXFileReference section */
		2303115E24DC5B9000AC11EA /* Deshaun_D_TabbedApp_Exercise.app */ = {isa = PBXFileReference; explicitFileType = wrapper.application; includeInIndex = 0; path = Deshaun_D_TabbedApp_Exercise.app; sourceTree = BUILT_PRODUCTS_DIR; };
		2303116124DC5B9000AC11EA /* AppDelegate.swift */ = {isa = PBXFileReference; lastKnownFileType = sourcecode.swift; path = AppDelegate.swift; sourceTree = "<group>"; };
		2303116324DC5B9000AC11EA /* SceneDelegate.swift */ = {isa = PBXFileReference; lastKnownFileType = sourcecode.swift; path = SceneDelegate.swift; sourceTree = "<group>"; };
		2303116524DC5B9000AC11EA /* ViewController.swift */ = {isa = PBXFileReference; lastKnownFileType = sourcecode.swift; path = ViewController.swift; sourceTree = "<group>"; };
		2303116824DC5B9000AC11EA /* Base */ = {isa = PBXFileReference; lastKnownFileType = file.storyboard; name = Base; path = Base.lproj/Main.storyboard; sourceTree = "<group>"; };
		2303116A24DC5B9100AC11EA /* Assets.xcassets */ = {isa = PBXFileReference; lastKnownFileType = folder.assetcatalog; path = Assets.xcassets; sourceTree = "<group>"; };
		2303116D24DC5B9100AC11EA /* Base */ = {isa = PBXFileReference; lastKnownFileType = file.storyboard; name = Base; path = Base.lproj/LaunchScreen.storyboard; sourceTree = "<group>"; };
		2303116F24DC5B9100AC11EA /* Info.plist */ = {isa = PBXFileReference; lastKnownFileType = text.plist.xml; path = Info.plist; sourceTree = "<group>"; };
		2303117424DC5B9100AC11EA /* Deshaun_D_TabbedApp_ExerciseTests.xctest */ = {isa = PBXFileReference; explicitFileType = wrapper.cfbundle; includeInIndex = 0; path = Deshaun_D_TabbedApp_ExerciseTests.xctest; sourceTree = BUILT_PRODUCTS_DIR; };
		2303117824DC5B9100AC11EA /* Deshaun_D_TabbedApp_ExerciseTests.swift */ = {isa = PBXFileReference; lastKnownFileType = sourcecode.swift; path = Deshaun_D_TabbedApp_ExerciseTests.swift; sourceTree = "<group>"; };
		2303117A24DC5B9100AC11EA /* Info.plist */ = {isa = PBXFileReference; lastKnownFileType = text.plist.xml; path = Info.plist; sourceTree = "<group>"; };
		2303117F24DC5B9100AC11EA /* Deshaun_D_TabbedApp_ExerciseUITests.xctest */ = {isa = PBXFileReference; explicitFileType = wrapper.cfbundle; includeInIndex = 0; path = Deshaun_D_TabbedApp_ExerciseUITests.xctest; sourceTree = BUILT_PRODUCTS_DIR; };
		2303118324DC5B9100AC11EA /* Deshaun_D_TabbedApp_ExerciseUITests.swift */ = {isa = PBXFileReference; lastKnownFileType = sourcecode.swift; path = Deshaun_D_TabbedApp_ExerciseUITests.swift; sourceTree = "<group>"; };
		2303118524DC5B9100AC11EA /* Info.plist */ = {isa = PBXFileReference; lastKnownFileType = text.plist.xml; path = Info.plist; sourceTree = "<group>"; };
		2303119124DC609A00AC11EA /* tophbeifong.jpeg */ = {isa = PBXFileReference; lastKnownFileType = image.jpeg; name = tophbeifong.jpeg; path = ../../../Downloads/tophbeifong.jpeg; sourceTree = "<group>"; };
		2303119324DC623D00AC11EA /* todoroki.jpeg */ = {isa = PBXFileReference; lastKnownFileType = image.jpeg; name = todoroki.jpeg; path = ../../../Downloads/todoroki.jpeg; sourceTree = "<group>"; };
/* End PBXFileReference section */

/* Begin PBXFrameworksBuildPhase section */
		2303115B24DC5B9000AC11EA /* Frameworks */ = {
			isa = PBXFrameworksBuildPhase;
			buildActionMask = 2147483647;
			files = (
			);
			runOnlyForDeploymentPostprocessing = 0;
		};
		2303117124DC5B9100AC11EA /* Frameworks */ = {
			isa = PBXFrameworksBuildPhase;
			buildActionMask = 2147483647;
			files = (
			);
			runOnlyForDeploymentPostprocessing = 0;
		};
		2303117C24DC5B9100AC11EA /* Frameworks */ = {
			isa = PBXFrameworksBuildPhase;
			buildActionMask = 2147483647;
			files = (
			);
			runOnlyForDeploymentPostprocessing = 0;
		};
/* End PBXFrameworksBuildPhase section */

/* Begin PBXGroup section */
		2303115524DC5B9000AC11EA = {
			isa = PBXGroup;
			children = (
				2303116024DC5B9000AC11EA /* Deshaun_D_TabbedApp_Exercise */,
				2303117724DC5B9100AC11EA /* Deshaun_D_TabbedApp_ExerciseTests */,
				2303118224DC5B9100AC11EA /* Deshaun_D_TabbedApp_ExerciseUITests */,
				2303115F24DC5B9000AC11EA /* Products */,
			);
			sourceTree = "<group>";
		};
		2303115F24DC5B9000AC11EA /* Products */ = {
			isa = PBXGroup;
			children = (
				2303115E24DC5B9000AC11EA /* Deshaun_D_TabbedApp_Exercise.app */,
				2303117424DC5B9100AC11EA /* Deshaun_D_TabbedApp_ExerciseTests.xctest */,
				2303117F24DC5B9100AC11EA /* Deshaun_D_TabbedApp_ExerciseUITests.xctest */,
			);
			name = Products;
			sourceTree = "<group>";
		};
		2303116024DC5B9000AC11EA /* Deshaun_D_TabbedApp_Exercise */ = {
			isa = PBXGroup;
			children = (
				2303116124DC5B9000AC11EA /* AppDelegate.swift */,
				2303116324DC5B9000AC11EA /* SceneDelegate.swift */,
				2303116524DC5B9000AC11EA /* ViewController.swift */,
				2303116724DC5B9000AC11EA /* Main.storyboard */,
				2303116A24DC5B9100AC11EA /* Assets.xcassets */,
				2303116C24DC5B9100AC11EA /* LaunchScreen.storyboard */,
				2303119124DC609A00AC11EA /* tophbeifong.jpeg */,
				2303119324DC623D00AC11EA /* todoroki.jpeg */,
				2303116F24DC5B9100AC11EA /* Info.plist */,
			);
			path = Deshaun_D_TabbedApp_Exercise;
			sourceTree = "<group>";
		};
		2303117724DC5B9100AC11EA /* Deshaun_D_TabbedApp_ExerciseTests */ = {
			isa = PBXGroup;
			children = (
				2303117824DC5B9100AC11EA /* Deshaun_D_TabbedApp_ExerciseTests.swift */,
				2303117A24DC5B9100AC11EA /* Info.plist */,
			);
			path = Deshaun_D_TabbedApp_ExerciseTests;
			sourceTree = "<group>";
		};
		2303118224DC5B9100AC11EA /* Deshaun_D_TabbedApp_ExerciseUITests */ = {
			isa = PBXGroup;
			children = (
				2303118324DC5B9100AC11EA /* Deshaun_D_TabbedApp_ExerciseUITests.swift */,
				2303118524DC5B9100AC11EA /* Info.plist */,
			);
			path = Deshaun_D_TabbedApp_ExerciseUITests;
			sourceTree = "<group>";
		};
/* End PBXGroup section */

/* Begin PBXNativeTarget section */
		2303115D24DC5B9000AC11EA /* Deshaun_D_TabbedApp_Exercise */ = {
			isa = PBXNativeTarget;
			buildConfigurationList = 2303118824DC5B9100AC11EA /* Build configuration list for PBXNativeTarget "Deshaun_D_TabbedApp_Exercise" */;
			buildPhases = (
				2303115A24DC5B9000AC11EA /* Sources */,
				2303115B24DC5B9000AC11EA /* Frameworks */,
				2303115C24DC5B9000AC11EA /* Resources */,
			);
			buildRules = (
			);
			dependencies = (
			);
			name = Deshaun_D_TabbedApp_Exercise;
			productName = Deshaun_D_TabbedApp_Exercise;
			productReference = 2303115E24DC5B9000AC11EA /* Deshaun_D_TabbedApp_Exercise.app */;
			productType = "com.apple.product-type.application";
		};
		2303117324DC5B9100AC11EA /* Deshaun_D_TabbedApp_ExerciseTests */ = {
			isa = PBXNativeTarget;
			buildConfigurationList = 2303118B24DC5B9100AC11EA /* Build configuration list for PBXNativeTarget "Deshaun_D_TabbedApp_ExerciseTests" */;
			buildPhases = (
				2303117024DC5B9100AC11EA /* Sources */,
				2303117124DC5B9100AC11EA /* Frameworks */,
				2303117224DC5B9100AC11EA /* Resources */,
			);
			buildRules = (
			);
			dependencies = (
				2303117624DC5B9100AC11EA /* PBXTargetDependency */,
			);
			name = Deshaun_D_TabbedApp_ExerciseTests;
			productName = Deshaun_D_TabbedApp_ExerciseTests;
			productReference = 2303117424DC5B9100AC11EA /* Deshaun_D_TabbedApp_ExerciseTests.xctest */;
			productType = "com.apple.product-type.bundle.unit-test";
		};
		2303117E24DC5B9100AC11EA /* Deshaun_D_TabbedApp_ExerciseUITests */ = {
			isa = PBXNativeTarget;
			buildConfigurationList = 2303118E24DC5B9100AC11EA /* Build configuration list for PBXNativeTarget "Deshaun_D_TabbedApp_ExerciseUITests" */;
			buildPhases = (
				2303117B24DC5B9100AC11EA /* Sources */,
				2303117C24DC5B9100AC11EA /* Frameworks */,
				2303117D24DC5B9100AC11EA /* Resources */,
			);
			buildRules = (
			);
			dependencies = (
				2303118124DC5B9100AC11EA /* PBXTargetDependency */,
			);
			name = Deshaun_D_TabbedApp_ExerciseUITests;
			productName = Deshaun_D_TabbedApp_ExerciseUITests;
			productReference = 2303117F24DC5B9100AC11EA /* Deshaun_D_TabbedApp_ExerciseUITests.xctest */;
			productType = "com.apple.product-type.bundle.ui-testing";
		};
/* End PBXNativeTarget section */

/* Begin PBXProject section */
		2303115624DC5B9000AC11EA /* Project object */ = {
			isa = PBXProject;
			attributes = {
				LastSwiftUpdateCheck = 1160;
				LastUpgradeCheck = 1160;
				ORGANIZATIONNAME = "Deshaun Douglas";
				TargetAttributes = {
					2303115D24DC5B9000AC11EA = {
						CreatedOnToolsVersion = 11.6;
					};
					2303117324DC5B9100AC11EA = {
						CreatedOnToolsVersion = 11.6;
						TestTargetID = 2303115D24DC5B9000AC11EA;
					};
					2303117E24DC5B9100AC11EA = {
						CreatedOnToolsVersion = 11.6;
						TestTargetID = 2303115D24DC5B9000AC11EA;
					};
				};
			};
			buildConfigurationList = 2303115924DC5B9000AC11EA /* Build configuration list for PBXProject "Deshaun_D_TabbedApp_Exercise" */;
			compatibilityVersion = "Xcode 9.3";
			developmentRegion = en;
			hasScannedForEncodings = 0;
			knownRegions = (
				en,
				Base,
			);
			mainGroup = 2303115524DC5B9000AC11EA;
			productRefGroup = 2303115F24DC5B9000AC11EA /* Products */;
			projectDirPath = "";
			projectRoot = "";
			targets = (
				2303115D24DC5B9000AC11EA /* Deshaun_D_TabbedApp_Exercise */,
				2303117324DC5B9100AC11EA /* Deshaun_D_TabbedApp_ExerciseTests */,
				2303117E24DC5B9100AC11EA /* Deshaun_D_TabbedApp_ExerciseUITests */,
			);
		};
/* End PBXProject section */

/* Begin PBXResourcesBuildPhase section */
		2303115C24DC5B9000AC11EA /* Resources */ = {
			isa = PBXResourcesBuildPhase;
			buildActionMask = 2147483647;
			files = (
				2303116E24DC5B9100AC11EA /* LaunchScreen.storyboard in Resources */,
				2303119224DC609A00AC11EA /* tophbeifong.jpeg in Resources */,
				2303116B24DC5B9100AC11EA /* Assets.xcassets in Resources */,
				2303119424DC623D00AC11EA /* todoroki.jpeg in Resources */,
				2303116924DC5B9000AC11EA /* Main.storyboard in Resources */,
			);
			runOnlyForDeploymentPostprocessing = 0;
		};
		2303117224DC5B9100AC11EA /* Resources */ = {
			isa = PBXResourcesBuildPhase;
			buildActionMask = 2147483647;
			files = (
			);
			runOnlyForDeploymentPostprocessing = 0;
		};
		2303117D24DC5B9100AC11EA /* Resources */ = {
			isa = PBXResourcesBuildPhase;
			buildActionMask = 2147483647;
			files = (
			);
			runOnlyForDeploymentPostprocessing = 0;
		};
/* End PBXResourcesBuildPhase section */

/* Begin PBXSourcesBuildPhase section */
		2303115A24DC5B9000AC11EA /* Sources */ = {
			isa = PBXSourcesBuildPhase;
			buildActionMask = 2147483647;
			files = (
				2303116624DC5B9000AC11EA /* ViewController.swift in Sources */,
				2303116224DC5B9000AC11EA /* AppDelegate.swift in Sources */,
				2303116424DC5B9000AC11EA /* SceneDelegate.swift in Sources */,
			);
			runOnlyForDeploymentPostprocessing = 0;
		};
		2303117024DC5B9100AC11EA /* Sources */ = {
			isa = PBXSourcesBuildPhase;
			buildActionMask = 2147483647;
			files = (
				2303117924DC5B9100AC11EA /* Deshaun_D_TabbedApp_ExerciseTests.swift in Sources */,
			);
			runOnlyForDeploymentPostprocessing = 0;
		};
		2303117B24DC5B9100AC11EA /* Sources */ = {
			isa = PBXSourcesBuildPhase;
			buildActionMask = 2147483647;
			files = (
				2303118424DC5B9100AC11EA /* Deshaun_D_TabbedApp_ExerciseUITests.swift in Sources */,
			);
			runOnlyForDeploymentPostprocessing = 0;
		};
/* End PBXSourcesBuildPhase section */

/* Begin PBXTargetDependency section */
		2303117624DC5B9100AC11EA /* PBXTargetDependency */ = {
			isa = PBXTargetDependency;
			target = 2303115D24DC5B9000AC11EA /* Deshaun_D_TabbedApp_Exercise */;
			targetProxy = 2303117524DC5B9100AC11EA /* PBXContainerItemProxy */;
		};
		2303118124DC5B9100AC11EA /* PBXTargetDependency */ = {
			isa = PBXTargetDependency;
			target = 2303115D24DC5B9000AC11EA /* Deshaun_D_TabbedApp_Exercise */;
			targetProxy = 2303118024DC5B9100AC11EA /* PBXContainerItemProxy */;
		};
/* End PBXTargetDependency section */

/* Begin PBXVariantGroup section */
		2303116724DC5B9000AC11EA /* Main.storyboard */ = {
			isa = PBXVariantGroup;
			children = (
				2303116824DC5B9000AC11EA /* Base */,
			);
			name = Main.storyboard;
			sourceTree = "<group>";
		};
		2303116C24DC5B9100AC11EA /* LaunchScreen.storyboard */ = {
			isa = PBXVariantGroup;
			children = (
				2303116D24DC5B9100AC11EA /* Base */,
			);
			name = LaunchScreen.storyboard;
			sourceTree = "<group>";
		};
/* End PBXVariantGroup section */

/* Begin XCBuildConfiguration section */
		2303118624DC5B9100AC11EA /* Debug */ = {
			isa = XCBuildConfiguration;
			buildSettings = {
				ALWAYS_SEARCH_USER_PATHS = NO;
				CLANG_ANALYZER_NONNULL = YES;
				CLANG_ANALYZER_NUMBER_OBJECT_CONVERSION = YES_AGGRESSIVE;
				CLANG_CXX_LANGUAGE_STANDARD = "gnu++14";
				CLANG_CXX_LIBRARY = "libc++";
				CLANG_ENABLE_MODULES = YES;
				CLANG_ENABLE_OBJC_ARC = YES;
				CLANG_ENABLE_OBJC_WEAK = YES;
				CLANG_WARN_BLOCK_CAPTURE_AUTORELEASING = YES;
				CLANG_WARN_BOOL_CONVERSION = YES;
				CLANG_WARN_COMMA = YES;
				CLANG_WARN_CONSTANT_CONVERSION = YES;
				CLANG_WARN_DEPRECATED_OBJC_IMPLEMENTATIONS = YES;
				CLANG_WARN_DIRECT_OBJC_ISA_USAGE = YES_ERROR;
				CLANG_WARN_DOCUMENTATION_COMMENTS = YES;
				CLANG_WARN_EMPTY_BODY = YES;
				CLANG_WARN_ENUM_CONVERSION = YES;
				CLANG_WARN_INFINITE_RECURSION = YES;
				CLANG_WARN_INT_CONVERSION = YES;
				CLANG_WARN_NON_LITERAL_NULL_CONVERSION = YES;
				CLANG_WARN_OBJC_IMPLICIT_RETAIN_SELF = YES;
				CLANG_WARN_OBJC_LITERAL_CONVERSION = YES;
				CLANG_WARN_OBJC_ROOT_CLASS = YES_ERROR;
				CLANG_WARN_RANGE_LOOP_ANALYSIS = YES;
				CLANG_WARN_STRICT_PROTOTYPES = YES;
				CLANG_WARN_SUSPICIOUS_MOVE = YES;
				CLANG_WARN_UNGUARDED_AVAILABILITY = YES_AGGRESSIVE;
				CLANG_WARN_UNREACHABLE_CODE = YES;
				CLANG_WARN__DUPLICATE_METHOD_MATCH = YES;
				COPY_PHASE_STRIP = NO;
				DEBUG_INFORMATION_FORMAT = dwarf;
				ENABLE_STRICT_OBJC_MSGSEND = YES;
				ENABLE_TESTABILITY = YES;
				GCC_C_LANGUAGE_STANDARD = gnu11;
				GCC_DYNAMIC_NO_PIC = NO;
				GCC_NO_COMMON_BLOCKS = YES;
				GCC_OPTIMIZATION_LEVEL = 0;
				GCC_PREPROCESSOR_DEFINITIONS = (
					"DEBUG=1",
					"$(inherited)",
				);
				GCC_WARN_64_TO_32_BIT_CONVERSION = YES;
				GCC_WARN_ABOUT_RETURN_TYPE = YES_ERROR;
				GCC_WARN_UNDECLARED_SELECTOR = YES;
				GCC_WARN_UNINITIALIZED_AUTOS = YES_AGGRESSIVE;
				GCC_WARN_UNUSED_FUNCTION = YES;
				GCC_WARN_UNUSED_VARIABLE = YES;
				IPHONEOS_DEPLOYMENT_TARGET = 13.6;
				MTL_ENABLE_DEBUG_INFO = INCLUDE_SOURCE;
				MTL_FAST_MATH = YES;
				ONLY_ACTIVE_ARCH = YES;
				SDKROOT = iphoneos;
				SWIFT_ACTIVE_COMPILATION_CONDITIONS = DEBUG;
				SWIFT_OPTIMIZATION_LEVEL = "-Onone";
			};
			name = Debug;
		};
		2303118724DC5B9100AC11EA /* Release */ = {
			isa = XCBuildConfiguration;
			buildSettings = {
				ALWAYS_SEARCH_USER_PATHS = NO;
				CLANG_ANALYZER_NONNULL = YES;
				CLANG_ANALYZER_NUMBER_OBJECT_CONVERSION = YES_AGGRESSIVE;
				CLANG_CXX_LANGUAGE_STANDARD = "gnu++14";
				CLANG_CXX_LIBRARY = "libc++";
				CLANG_ENABLE_MODULES = YES;
				CLANG_ENABLE_OBJC_ARC = YES;
				CLANG_ENABLE_OBJC_WEAK = YES;
				CLANG_WARN_BLOCK_CAPTURE_AUTORELEASING = YES;
				CLANG_WARN_BOOL_CONVERSION = YES;
				CLANG_WARN_COMMA = YES;
				CLANG_WARN_CONSTANT_CONVERSION = YES;
				CLANG_WARN_DEPRECATED_OBJC_IMPLEMENTATIONS = YES;
				CLANG_WARN_DIRECT_OBJC_ISA_USAGE = YES_ERROR;
				CLANG_WARN_DOCUMENTATION_COMMENTS = YES;
				CLANG_WARN_EMPTY_BODY = YES;
				CLANG_WARN_ENUM_CONVERSION = YES;
				CLANG_WARN_INFINITE_RECURSION = YES;
				CLANG_WARN_INT_CONVERSION = YES;
				CLANG_WARN_NON_LITERAL_NULL_CONVERSION = YES;
				CLANG_WARN_OBJC_IMPLICIT_RETAIN_SELF = YES;
				CLANG_WARN_OBJC_LITERAL_CONVERSION = YES;
				CLANG_WARN_OBJC_ROOT_CLASS = YES_ERROR;
				CLANG_WARN_RANGE_LOOP_ANALYSIS = YES;
				CLANG_WARN_STRICT_PROTOTYPES = YES;
				CLANG_WARN_SUSPICIOUS_MOVE = YES;
				CLANG_WARN_UNGUARDED_AVAILABILITY = YES_AGGRESSIVE;
				CLANG_WARN_UNREACHABLE_CODE = YES;
				CLANG_WARN__DUPLICATE_METHOD_MATCH = YES;
				COPY_PHASE_STRIP = NO;
				DEBUG_INFORMATION_FORMAT = "dwarf-with-dsym";
				ENABLE_NS_ASSERTIONS = NO;
				ENABLE_STRICT_OBJC_MSGSEND = YES;
				GCC_C_LANGUAGE_STANDARD = gnu11;
				GCC_NO_COMMON_BLOCKS = YES;
				GCC_WARN_64_TO_32_BIT_CONVERSION = YES;
				GCC_WARN_ABOUT_RETURN_TYPE = YES_ERROR;
				GCC_WARN_UNDECLARED_SELECTOR = YES;
				GCC_WARN_UNINITIALIZED_AUTOS = YES_AGGRESSIVE;
				GCC_WARN_UNUSED_FUNCTION = YES;
				GCC_WARN_UNUSED_VARIABLE = YES;
				IPHONEOS_DEPLOYMENT_TARGET = 13.6;
				MTL_ENABLE_DEBUG_INFO = NO;
				MTL_FAST_MATH = YES;
				SDKROOT = iphoneos;
				SWIFT_COMPILATION_MODE = wholemodule;
				SWIFT_OPTIMIZATION_LEVEL = "-O";
				VALIDATE_PRODUCT = YES;
			};
			name = Release;
		};
		2303118924DC5B9100AC11EA /* Debug */ = {
			isa = XCBuildConfiguration;
			buildSettings = {
				ASSETCATALOG_COMPILER_APPICON_NAME = AppIcon;
				CODE_SIGN_STYLE = Automatic;
				INFOPLIST_FILE = Deshaun_D_TabbedApp_Exercise/Info.plist;
				LD_RUNPATH_SEARCH_PATHS = (
					"$(inherited)",
					"@executable_path/Frameworks",
				);
				PRODUCT_BUNDLE_IDENTIFIER = "genesysworks.Deshaun-D-TabbedApp-Exercise";
				PRODUCT_NAME = "$(TARGET_NAME)";
				SWIFT_VERSION = 5.0;
				TARGETED_DEVICE_FAMILY = "1,2";
			};
			name = Debug;
		};
		2303118A24DC5B9100AC11EA /* Release */ = {
			isa = XCBuildConfiguration;
			buildSettings = {
				ASSETCATALOG_COMPILER_APPICON_NAME = AppIcon;
				CODE_SIGN_STYLE = Automatic;
				INFOPLIST_FILE = Deshaun_D_TabbedApp_Exercise/Info.plist;
				LD_RUNPATH_SEARCH_PATHS = (
					"$(inherited)",
					"@executable_path/Frameworks",
				);
				PRODUCT_BUNDLE_IDENTIFIER = "genesysworks.Deshaun-D-TabbedApp-Exercise";
				PRODUCT_NAME = "$(TARGET_NAME)";
				SWIFT_VERSION = 5.0;
				TARGETED_DEVICE_FAMILY = "1,2";
			};
			name = Release;
		};
		2303118C24DC5B9100AC11EA /* Debug */ = {
			isa = XCBuildConfiguration;
			buildSettings = {
				ALWAYS_EMBED_SWIFT_STANDARD_LIBRARIES = YES;
				BUNDLE_LOADER = "$(TEST_HOST)";
				CODE_SIGN_STYLE = Automatic;
				INFOPLIST_FILE = Deshaun_D_TabbedApp_ExerciseTests/Info.plist;
				IPHONEOS_DEPLOYMENT_TARGET = 13.6;
				LD_RUNPATH_SEARCH_PATHS = (
					"$(inherited)",
					"@executable_path/Frameworks",
					"@loader_path/Frameworks",
				);
				PRODUCT_BUNDLE_IDENTIFIER = "genesysworks.Deshaun-D-TabbedApp-ExerciseTests";
				PRODUCT_NAME = "$(TARGET_NAME)";
				SWIFT_VERSION = 5.0;
				TARGETED_DEVICE_FAMILY = "1,2";
				TEST_HOST = "$(BUILT_PRODUCTS_DIR)/Deshaun_D_TabbedApp_Exercise.app/Deshaun_D_TabbedApp_Exercise";
			};
			name = Debug;
		};
		2303118D24DC5B9100AC11EA /* Release */ = {
			isa = XCBuildConfiguration;
			buildSettings = {
				ALWAYS_EMBED_SWIFT_STANDARD_LIBRARIES = YES;
				BUNDLE_LOADER = "$(TEST_HOST)";
				CODE_SIGN_STYLE = Automatic;
				INFOPLIST_FILE = Deshaun_D_TabbedApp_ExerciseTests/Info.plist;
				IPHONEOS_DEPLOYMENT_TARGET = 13.6;
				LD_RUNPATH_SEARCH_PATHS = (
					"$(inherited)",
					"@executable_path/Frameworks",
					"@loader_path/Frameworks",
				);
				PRODUCT_BUNDLE_IDENTIFIER = "genesysworks.Deshaun-D-TabbedApp-ExerciseTests";
				PRODUCT_NAME = "$(TARGET_NAME)";
				SWIFT_VERSION = 5.0;
				TARGETED_DEVICE_FAMILY = "1,2";
				TEST_HOST = "$(BUILT_PRODUCTS_DIR)/Deshaun_D_TabbedApp_Exercise.app/Deshaun_D_TabbedApp_Exercise";
			};
			name = Release;
		};
		2303118F24DC5B9100AC11EA /* Debug */ = {
			isa = XCBuildConfiguration;
			buildSettings = {
				ALWAYS_EMBED_SWIFT_STANDARD_LIBRARIES = YES;
				CODE_SIGN_STYLE = Automatic;
				INFOPLIST_FILE = Deshaun_D_TabbedApp_ExerciseUITests/Info.plist;
				LD_RUNPATH_SEARCH_PATHS = (
					"$(inherited)",
					"@executable_path/Frameworks",
					"@loader_path/Frameworks",
				);
				PRODUCT_BUNDLE_IDENTIFIER = "genesysworks.Deshaun-D-TabbedApp-ExerciseUITests";
				PRODUCT_NAME = "$(TARGET_NAME)";
				SWIFT_VERSION = 5.0;
				TARGETED_DEVICE_FAMILY = "1,2";
				TEST_TARGET_NAME = Deshaun_D_TabbedApp_Exercise;
			};
			name = Debug;
		};
		2303119024DC5B9100AC11EA /* Release */ = {
			isa = XCBuildConfiguration;
			buildSettings = {
				ALWAYS_EMBED_SWIFT_STANDARD_LIBRARIES = YES;
				CODE_SIGN_STYLE = Automatic;
				INFOPLIST_FILE = Deshaun_D_TabbedApp_ExerciseUITests/Info.plist;
				LD_RUNPATH_SEARCH_PATHS = (
					"$(inherited)",
					"@executable_path/Frameworks",
					"@loader_path/Frameworks",
				);
				PRODUCT_BUNDLE_IDENTIFIER = "genesysworks.Deshaun-D-TabbedApp-ExerciseUITests";
				PRODUCT_NAME = "$(TARGET_NAME)";
				SWIFT_VERSION = 5.0;
				TARGETED_DEVICE_FAMILY = "1,2";
				TEST_TARGET_NAME = Deshaun_D_TabbedApp_Exercise;
			};
			name = Release;
		};
/* End XCBuildConfiguration section */

/* Begin XCConfigurationList section */
		2303115924DC5B9000AC11EA /* Build configuration list for PBXProject "Deshaun_D_TabbedApp_Exercise" */ = {
			isa = XCConfigurationList;
			buildConfigurations = (
				2303118624DC5B9100AC11EA /* Debug */,
				2303118724DC5B9100AC11EA /* Release */,
			);
			defaultConfigurationIsVisible = 0;
			defaultConfigurationName = Release;
		};
		2303118824DC5B9100AC11EA /* Build configuration list for PBXNativeTarget "Deshaun_D_TabbedApp_Exercise" */ = {
			isa = XCConfigurationList;
			buildConfigurations = (
				2303118924DC5B9100AC11EA /* Debug */,
				2303118A24DC5B9100AC11EA /* Release */,
			);
			defaultConfigurationIsVisible = 0;
			defaultConfigurationName = Release;
		};
		2303118B24DC5B9100AC11EA /* Build configuration list for PBXNativeTarget "Deshaun_D_TabbedApp_ExerciseTests" */ = {
			isa = XCConfigurationList;
			buildConfigurations = (
				2303118C24DC5B9100AC11EA /* Debug */,
				2303118D24DC5B9100AC11EA /* Release */,
			);
			defaultConfigurationIsVisible = 0;
			defaultConfigurationName = Release;
		};
		2303118E24DC5B9100AC11EA /* Build configuration list for PBXNativeTarget "Deshaun_D_TabbedApp_ExerciseUITests" */ = {
			isa = XCConfigurationList;
			buildConfigurations = (
				2303118F24DC5B9100AC11EA /* Debug */,
				2303119024DC5B9100AC11EA /* Release */,
			);
			defaultConfigurationIsVisible = 0;
			defaultConfigurationName = Release;
		};
/* End XCConfigurationList section */
	};
	rootObject = 2303115624DC5B9000AC11EA /* Project object */;
}
